// !$*UTF8*$!
{
	archiveVersion = 1;
	classes = {
	};
	objectVersion = 55;
	objects = {

/* Begin PBXBuildFile section */
		1AB641F128251CAC008C4941 /* Tests_iOS.swift in Sources */ = {isa = PBXBuildFile; fileRef = 1AB641F028251CAC008C4941 /* Tests_iOS.swift */; };
		1AB641F328251CAC008C4941 /* Tests_iOSLaunchTests.swift in Sources */ = {isa = PBXBuildFile; fileRef = 1AB641F228251CAC008C4941 /* Tests_iOSLaunchTests.swift */; };
		1AB641FD28251CAC008C4941 /* Tests_macOS.swift in Sources */ = {isa = PBXBuildFile; fileRef = 1AB641FC28251CAC008C4941 /* Tests_macOS.swift */; };
		1AB641FF28251CAC008C4941 /* Tests_macOSLaunchTests.swift in Sources */ = {isa = PBXBuildFile; fileRef = 1AB641FE28251CAC008C4941 /* Tests_macOSLaunchTests.swift */; };
		1AB6420028251CAC008C4941 /* SwiftHelloWorldApp.swift in Sources */ = {isa = PBXBuildFile; fileRef = 1AB641D828251CA9008C4941 /* SwiftHelloWorldApp.swift */; };
		1AB6420128251CAC008C4941 /* SwiftHelloWorldApp.swift in Sources */ = {isa = PBXBuildFile; fileRef = 1AB641D828251CA9008C4941 /* SwiftHelloWorldApp.swift */; };
		1AB6420428251CAC008C4941 /* Assets.xcassets in Resources */ = {isa = PBXBuildFile; fileRef = 1AB641DA28251CAC008C4941 /* Assets.xcassets */; };
		1AB6420528251CAC008C4941 /* Assets.xcassets in Resources */ = {isa = PBXBuildFile; fileRef = 1AB641DA28251CAC008C4941 /* Assets.xcassets */; };
		1AB64215282523FE008C4941 /* ContentView.swift in Sources */ = {isa = PBXBuildFile; fileRef = 1AB641D928251CA9008C4941 /* ContentView.swift */; };
		1AB64216282523FF008C4941 /* ContentView.swift in Sources */ = {isa = PBXBuildFile; fileRef = 1AB641D928251CA9008C4941 /* ContentView.swift */; };
/* End PBXBuildFile section */

/* Begin PBXContainerItemProxy section */
		1AB641ED28251CAC008C4941 /* PBXContainerItemProxy */ = {
			isa = PBXContainerItemProxy;
			containerPortal = 1AB641D328251CA9008C4941 /* Project object */;
			proxyType = 1;
			remoteGlobalIDString = 1AB641DE28251CAC008C4941;
			remoteInfo = "SwiftHelloWorld (iOS)";
		};
		1AB641F928251CAC008C4941 /* PBXContainerItemProxy */ = {
			isa = PBXContainerItemProxy;
			containerPortal = 1AB641D328251CA9008C4941 /* Project object */;
			proxyType = 1;
			remoteGlobalIDString = 1AB641E428251CAC008C4941;
			remoteInfo = "SwiftHelloWorld (macOS)";
		};
/* End PBXContainerItemProxy section */

/* Begin PBXFileReference section */
		1AB641D828251CA9008C4941 /* SwiftHelloWorldApp.swift */ = {isa = PBXFileReference; lastKnownFileType = sourcecode.swift; path = SwiftHelloWorldApp.swift; sourceTree = "<group>"; };
		1AB641D928251CA9008C4941 /* ContentView.swift */ = {isa = PBXFileReference; lastKnownFileType = sourcecode.swift; path = ContentView.swift; sourceTree = "<group>"; };
		1AB641DA28251CAC008C4941 /* Assets.xcassets */ = {isa = PBXFileReference; lastKnownFileType = folder.assetcatalog; path = Assets.xcassets; sourceTree = "<group>"; };
		1AB641DF28251CAC008C4941 /* SwiftClient.app */ = {isa = PBXFileReference; explicitFileType = wrapper.application; includeInIndex = 0; path = SwiftClient.app; sourceTree = BUILT_PRODUCTS_DIR; };
		1AB641E528251CAC008C4941 /* swift-client.app */ = {isa = PBXFileReference; explicitFileType = wrapper.application; includeInIndex = 0; path = "swift-client.app"; sourceTree = BUILT_PRODUCTS_DIR; };
		1AB641E728251CAC008C4941 /* macOS.entitlements */ = {isa = PBXFileReference; lastKnownFileType = text.plist.entitlements; path = macOS.entitlements; sourceTree = "<group>"; };
		1AB641EC28251CAC008C4941 /* Tests iOS.xctest */ = {isa = PBXFileReference; explicitFileType = wrapper.cfbundle; includeInIndex = 0; path = "Tests iOS.xctest"; sourceTree = BUILT_PRODUCTS_DIR; };
		1AB641F028251CAC008C4941 /* Tests_iOS.swift */ = {isa = PBXFileReference; lastKnownFileType = sourcecode.swift; path = Tests_iOS.swift; sourceTree = "<group>"; };
		1AB641F228251CAC008C4941 /* Tests_iOSLaunchTests.swift */ = {isa = PBXFileReference; lastKnownFileType = sourcecode.swift; path = Tests_iOSLaunchTests.swift; sourceTree = "<group>"; };
		1AB641F828251CAC008C4941 /* Tests macOS.xctest */ = {isa = PBXFileReference; explicitFileType = wrapper.cfbundle; includeInIndex = 0; path = "Tests macOS.xctest"; sourceTree = BUILT_PRODUCTS_DIR; };
		1AB641FC28251CAC008C4941 /* Tests_macOS.swift */ = {isa = PBXFileReference; lastKnownFileType = sourcecode.swift; path = Tests_macOS.swift; sourceTree = "<group>"; };
		1AB641FE28251CAC008C4941 /* Tests_macOSLaunchTests.swift */ = {isa = PBXFileReference; lastKnownFileType = sourcecode.swift; path = Tests_macOSLaunchTests.swift; sourceTree = "<group>"; };
/* End PBXFileReference section */

/* Begin PBXFrameworksBuildPhase section */
		1AB641DC28251CAC008C4941 /* Frameworks */ = {
			isa = PBXFrameworksBuildPhase;
			buildActionMask = 2147483647;
			files = (
			);
			runOnlyForDeploymentPostprocessing = 0;
		};
		1AB641E228251CAC008C4941 /* Frameworks */ = {
			isa = PBXFrameworksBuildPhase;
			buildActionMask = 2147483647;
			files = (
			);
			runOnlyForDeploymentPostprocessing = 0;
		};
		1AB641E928251CAC008C4941 /* Frameworks */ = {
			isa = PBXFrameworksBuildPhase;
			buildActionMask = 2147483647;
			files = (
			);
			runOnlyForDeploymentPostprocessing = 0;
		};
		1AB641F528251CAC008C4941 /* Frameworks */ = {
			isa = PBXFrameworksBuildPhase;
			buildActionMask = 2147483647;
			files = (
			);
			runOnlyForDeploymentPostprocessing = 0;
		};
/* End PBXFrameworksBuildPhase section */

/* Begin PBXGroup section */
		1AB641D228251CA9008C4941 = {
			isa = PBXGroup;
			children = (
				1ADAA1BF2825436F0028C8B1 /* Packages */,
				1AB641D728251CA9008C4941 /* Shared */,
				1AB641E628251CAC008C4941 /* macOS */,
				1AB641EF28251CAC008C4941 /* Tests iOS */,
				1AB641FB28251CAC008C4941 /* Tests macOS */,
				1AB641E028251CAC008C4941 /* Products */,
			);
			sourceTree = "<group>";
		};
		1AB641D728251CA9008C4941 /* Shared */ = {
			isa = PBXGroup;
			children = (
				1AB641D828251CA9008C4941 /* SwiftHelloWorldApp.swift */,
				1AB641D928251CA9008C4941 /* ContentView.swift */,
				1AB641DA28251CAC008C4941 /* Assets.xcassets */,
			);
			path = Shared;
			sourceTree = "<group>";
		};
		1AB641E028251CAC008C4941 /* Products */ = {
			isa = PBXGroup;
			children = (
				1AB641DF28251CAC008C4941 /* SwiftClient.app */,
				1AB641E528251CAC008C4941 /* swift-client.app */,
				1AB641EC28251CAC008C4941 /* Tests iOS.xctest */,
				1AB641F828251CAC008C4941 /* Tests macOS.xctest */,
			);
			name = Products;
			sourceTree = "<group>";
		};
		1AB641E628251CAC008C4941 /* macOS */ = {
			isa = PBXGroup;
			children = (
				1AB641E728251CAC008C4941 /* macOS.entitlements */,
			);
			path = macOS;
			sourceTree = "<group>";
		};
		1AB641EF28251CAC008C4941 /* Tests iOS */ = {
			isa = PBXGroup;
			children = (
				1AB641F028251CAC008C4941 /* Tests_iOS.swift */,
				1AB641F228251CAC008C4941 /* Tests_iOSLaunchTests.swift */,
			);
			path = "Tests iOS";
			sourceTree = "<group>";
		};
		1AB641FB28251CAC008C4941 /* Tests macOS */ = {
			isa = PBXGroup;
			children = (
				1AB641FC28251CAC008C4941 /* Tests_macOS.swift */,
				1AB641FE28251CAC008C4941 /* Tests_macOSLaunchTests.swift */,
			);
			path = "Tests macOS";
			sourceTree = "<group>";
		};
		1ADAA1BF2825436F0028C8B1 /* Packages */ = {
			isa = PBXGroup;
			children = (
			);
			name = Packages;
			sourceTree = "<group>";
		};
/* End PBXGroup section */

/* Begin PBXNativeTarget section */
		1AB641DE28251CAC008C4941 /* swift-app(iOS) */ = {
			isa = PBXNativeTarget;
			buildConfigurationList = 1AB6420828251CAC008C4941 /* Build configuration list for PBXNativeTarget "swift-app(iOS)" */;
			buildPhases = (
				1AB641DB28251CAC008C4941 /* Sources */,
				1AB641DC28251CAC008C4941 /* Frameworks */,
				1AB641DD28251CAC008C4941 /* Resources */,
			);
			buildRules = (
			);
			dependencies = (
			);
			name = "swift-app(iOS)";
			productName = "SwiftHelloWorld (iOS)";
			productReference = 1AB641DF28251CAC008C4941 /* SwiftClient.app */;
			productType = "com.apple.product-type.application";
		};
		1AB641E428251CAC008C4941 /* swift-app (macOS) */ = {
			isa = PBXNativeTarget;
			buildConfigurationList = 1AB6420B28251CAC008C4941 /* Build configuration list for PBXNativeTarget "swift-app (macOS)" */;
			buildPhases = (
				1AB641E128251CAC008C4941 /* Sources */,
				1AB641E228251CAC008C4941 /* Frameworks */,
				1AB641E328251CAC008C4941 /* Resources */,
			);
			buildRules = (
			);
			dependencies = (
			);
			name = "swift-app (macOS)";
			productName = "SwiftHelloWorld (macOS)";
			productReference = 1AB641E528251CAC008C4941 /* swift-client.app */;
			productType = "com.apple.product-type.application";
		};
		1AB641EB28251CAC008C4941 /* Tests iOS */ = {
			isa = PBXNativeTarget;
			buildConfigurationList = 1AB6420E28251CAC008C4941 /* Build configuration list for PBXNativeTarget "Tests iOS" */;
			buildPhases = (
				1AB641E828251CAC008C4941 /* Sources */,
				1AB641E928251CAC008C4941 /* Frameworks */,
				1AB641EA28251CAC008C4941 /* Resources */,
			);
			buildRules = (
			);
			dependencies = (
				1AB641EE28251CAC008C4941 /* PBXTargetDependency */,
			);
			name = "Tests iOS";
			productName = "Tests iOS";
			productReference = 1AB641EC28251CAC008C4941 /* Tests iOS.xctest */;
			productType = "com.apple.product-type.bundle.ui-testing";
		};
		1AB641F728251CAC008C4941 /* Tests macOS */ = {
			isa = PBXNativeTarget;
			buildConfigurationList = 1AB6421128251CAC008C4941 /* Build configuration list for PBXNativeTarget "Tests macOS" */;
			buildPhases = (
				1AB641F428251CAC008C4941 /* Sources */,
				1AB641F528251CAC008C4941 /* Frameworks */,
				1AB641F628251CAC008C4941 /* Resources */,
			);
			buildRules = (
			);
			dependencies = (
				1AB641FA28251CAC008C4941 /* PBXTargetDependency */,
			);
			name = "Tests macOS";
			productName = "Tests macOS";
			productReference = 1AB641F828251CAC008C4941 /* Tests macOS.xctest */;
			productType = "com.apple.product-type.bundle.ui-testing";
		};
/* End PBXNativeTarget section */

/* Begin PBXProject section */
		1AB641D328251CA9008C4941 /* Project object */ = {
			isa = PBXProject;
			attributes = {
				BuildIndependentTargetsInParallel = 1;
				LastSwiftUpdateCheck = 1330;
				LastUpgradeCheck = 1330;
				TargetAttributes = {
					1AB641DE28251CAC008C4941 = {
						CreatedOnToolsVersion = 13.3.1;
					};
					1AB641E428251CAC008C4941 = {
						CreatedOnToolsVersion = 13.3.1;
					};
					1AB641EB28251CAC008C4941 = {
						CreatedOnToolsVersion = 13.3.1;
						TestTargetID = 1AB641DE28251CAC008C4941;
					};
					1AB641F728251CAC008C4941 = {
						CreatedOnToolsVersion = 13.3.1;
						TestTargetID = 1AB641E428251CAC008C4941;
					};
				};
			};
			buildConfigurationList = 1AB641D628251CA9008C4941 /* Build configuration list for PBXProject "swift-app" */;
			compatibilityVersion = "Xcode 13.0";
			developmentRegion = en;
			hasScannedForEncodings = 0;
			knownRegions = (
				en,
				Base,
			);
			mainGroup = 1AB641D228251CA9008C4941;
			productRefGroup = 1AB641E028251CAC008C4941 /* Products */;
			projectDirPath = "";
			projectRoot = "";
			targets = (
				1AB641DE28251CAC008C4941 /* swift-app(iOS) */,
				1AB641E428251CAC008C4941 /* swift-app (macOS) */,
				1AB641EB28251CAC008C4941 /* Tests iOS */,
				1AB641F728251CAC008C4941 /* Tests macOS */,
			);
		};
/* End PBXProject section */

/* Begin PBXResourcesBuildPhase section */
		1AB641DD28251CAC008C4941 /* Resources */ = {
			isa = PBXResourcesBuildPhase;
			buildActionMask = 2147483647;
			files = (
				1AB6420428251CAC008C4941 /* Assets.xcassets in Resources */,
			);
			runOnlyForDeploymentPostprocessing = 0;
		};
		1AB641E328251CAC008C4941 /* Resources */ = {
			isa = PBXResourcesBuildPhase;
			buildActionMask = 2147483647;
			files = (
				1AB6420528251CAC008C4941 /* Assets.xcassets in Resources */,
			);
			runOnlyForDeploymentPostprocessing = 0;
		};
		1AB641EA28251CAC008C4941 /* Resources */ = {
			isa = PBXResourcesBuildPhase;
			buildActionMask = 2147483647;
			files = (
			);
			runOnlyForDeploymentPostprocessing = 0;
		};
		1AB641F628251CAC008C4941 /* Resources */ = {
			isa = PBXResourcesBuildPhase;
			buildActionMask = 2147483647;
			files = (
			);
			runOnlyForDeploymentPostprocessing = 0;
		};
/* End PBXResourcesBuildPhase section */

/* Begin PBXSourcesBuildPhase section */
		1AB641DB28251CAC008C4941 /* Sources */ = {
			isa = PBXSourcesBuildPhase;
			buildActionMask = 2147483647;
			files = (
				1AB64216282523FF008C4941 /* ContentView.swift in Sources */,
				1AB6420028251CAC008C4941 /* SwiftHelloWorldApp.swift in Sources */,
			);
			runOnlyForDeploymentPostprocessing = 0;
		};
		1AB641E128251CAC008C4941 /* Sources */ = {
			isa = PBXSourcesBuildPhase;
			buildActionMask = 2147483647;
			files = (
				1AB64215282523FE008C4941 /* ContentView.swift in Sources */,
				1AB6420128251CAC008C4941 /* SwiftHelloWorldApp.swift in Sources */,
			);
			runOnlyForDeploymentPostprocessing = 0;
		};
		1AB641E828251CAC008C4941 /* Sources */ = {
			isa = PBXSourcesBuildPhase;
			buildActionMask = 2147483647;
			files = (
				1AB641F328251CAC008C4941 /* Tests_iOSLaunchTests.swift in Sources */,
				1AB641F128251CAC008C4941 /* Tests_iOS.swift in Sources */,
			);
			runOnlyForDeploymentPostprocessing = 0;
		};
		1AB641F428251CAC008C4941 /* Sources */ = {
			isa = PBXSourcesBuildPhase;
			buildActionMask = 2147483647;
			files = (
				1AB641FF28251CAC008C4941 /* Tests_macOSLaunchTests.swift in Sources */,
				1AB641FD28251CAC008C4941 /* Tests_macOS.swift in Sources */,
			);
			runOnlyForDeploymentPostprocessing = 0;
		};
/* End PBXSourcesBuildPhase section */

/* Begin PBXTargetDependency section */
		1AB641EE28251CAC008C4941 /* PBXTargetDependency */ = {
			isa = PBXTargetDependency;
			target = 1AB641DE28251CAC008C4941 /* swift-app(iOS) */;
			targetProxy = 1AB641ED28251CAC008C4941 /* PBXContainerItemProxy */;
		};
		1AB641FA28251CAC008C4941 /* PBXTargetDependency */ = {
			isa = PBXTargetDependency;
			target = 1AB641E428251CAC008C4941 /* swift-app (macOS) */;
			targetProxy = 1AB641F928251CAC008C4941 /* PBXContainerItemProxy */;
		};
/* End PBXTargetDependency section */

/* Begin XCBuildConfiguration section */
		1AB6420628251CAC008C4941 /* Debug */ = {
			isa = XCBuildConfiguration;
			buildSettings = {
				ALWAYS_SEARCH_USER_PATHS = NO;
				CLANG_ANALYZER_NONNULL = YES;
				CLANG_ANALYZER_NUMBER_OBJECT_CONVERSION = YES_AGGRESSIVE;
				CLANG_CXX_LANGUAGE_STANDARD = "gnu++17";
				CLANG_ENABLE_MODULES = YES;
				CLANG_ENABLE_OBJC_ARC = YES;
				CLANG_ENABLE_OBJC_WEAK = YES;
				CLANG_WARN_BLOCK_CAPTURE_AUTORELEASING = YES;
				CLANG_WARN_BOOL_CONVERSION = YES;
				CLANG_WARN_COMMA = YES;
				CLANG_WARN_CONSTANT_CONVERSION = YES;
				CLANG_WARN_DEPRECATED_OBJC_IMPLEMENTATIONS = YES;
				CLANG_WARN_DIRECT_OBJC_ISA_USAGE = YES_ERROR;
				CLANG_WARN_DOCUMENTATION_COMMENTS = YES;
				CLANG_WARN_EMPTY_BODY = YES;
				CLANG_WARN_ENUM_CONVERSION = YES;
				CLANG_WARN_INFINITE_RECURSION = YES;
				CLANG_WARN_INT_CONVERSION = YES;
				CLANG_WARN_NON_LITERAL_NULL_CONVERSION = YES;
				CLANG_WARN_OBJC_IMPLICIT_RETAIN_SELF = YES;
				CLANG_WARN_OBJC_LITERAL_CONVERSION = YES;
				CLANG_WARN_OBJC_ROOT_CLASS = YES_ERROR;
				CLANG_WARN_QUOTED_INCLUDE_IN_FRAMEWORK_HEADER = YES;
				CLANG_WARN_RANGE_LOOP_ANALYSIS = YES;
				CLANG_WARN_STRICT_PROTOTYPES = YES;
				CLANG_WARN_SUSPICIOUS_MOVE = YES;
				CLANG_WARN_UNGUARDED_AVAILABILITY = YES_AGGRESSIVE;
				CLANG_WARN_UNREACHABLE_CODE = YES;
				CLANG_WARN__DUPLICATE_METHOD_MATCH = YES;
				COPY_PHASE_STRIP = NO;
				DEBUG_INFORMATION_FORMAT = dwarf;
				ENABLE_STRICT_OBJC_MSGSEND = YES;
				ENABLE_TESTABILITY = YES;
				GCC_C_LANGUAGE_STANDARD = gnu11;
				GCC_DYNAMIC_NO_PIC = NO;
				GCC_NO_COMMON_BLOCKS = YES;
				GCC_OPTIMIZATION_LEVEL = 0;
				GCC_PREPROCESSOR_DEFINITIONS = (
					"DEBUG=1",
					"$(inherited)",
				);
				GCC_WARN_64_TO_32_BIT_CONVERSION = YES;
				GCC_WARN_ABOUT_RETURN_TYPE = YES_ERROR;
				GCC_WARN_UNDECLARED_SELECTOR = YES;
				GCC_WARN_UNINITIALIZED_AUTOS = YES_AGGRESSIVE;
				GCC_WARN_UNUSED_FUNCTION = YES;
				GCC_WARN_UNUSED_VARIABLE = YES;
				MTL_ENABLE_DEBUG_INFO = INCLUDE_SOURCE;
				MTL_FAST_MATH = YES;
				ONLY_ACTIVE_ARCH = YES;
				SWIFT_ACTIVE_COMPILATION_CONDITIONS = DEBUG;
				SWIFT_OPTIMIZATION_LEVEL = "-Onone";
			};
			name = Debug;
		};
		1AB6420728251CAC008C4941 /* Release */ = {
			isa = XCBuildConfiguration;
			buildSettings = {
				ALWAYS_SEARCH_USER_PATHS = NO;
				CLANG_ANALYZER_NONNULL = YES;
				CLANG_ANALYZER_NUMBER_OBJECT_CONVERSION = YES_AGGRESSIVE;
				CLANG_CXX_LANGUAGE_STANDARD = "gnu++17";
				CLANG_ENABLE_MODULES = YES;
				CLANG_ENABLE_OBJC_ARC = YES;
				CLANG_ENABLE_OBJC_WEAK = YES;
				CLANG_WARN_BLOCK_CAPTURE_AUTORELEASING = YES;
				CLANG_WARN_BOOL_CONVERSION = YES;
				CLANG_WARN_COMMA = YES;
				CLANG_WARN_CONSTANT_CONVERSION = YES;
				CLANG_WARN_DEPRECATED_OBJC_IMPLEMENTATIONS = YES;
				CLANG_WARN_DIRECT_OBJC_ISA_USAGE = YES_ERROR;
				CLANG_WARN_DOCUMENTATION_COMMENTS = YES;
				CLANG_WARN_EMPTY_BODY = YES;
				CLANG_WARN_ENUM_CONVERSION = YES;
				CLANG_WARN_INFINITE_RECURSION = YES;
				CLANG_WARN_INT_CONVERSION = YES;
				CLANG_WARN_NON_LITERAL_NULL_CONVERSION = YES;
				CLANG_WARN_OBJC_IMPLICIT_RETAIN_SELF = YES;
				CLANG_WARN_OBJC_LITERAL_CONVERSION = YES;
				CLANG_WARN_OBJC_ROOT_CLASS = YES_ERROR;
				CLANG_WARN_QUOTED_INCLUDE_IN_FRAMEWORK_HEADER = YES;
				CLANG_WARN_RANGE_LOOP_ANALYSIS = YES;
				CLANG_WARN_STRICT_PROTOTYPES = YES;
				CLANG_WARN_SUSPICIOUS_MOVE = YES;
				CLANG_WARN_UNGUARDED_AVAILABILITY = YES_AGGRESSIVE;
				CLANG_WARN_UNREACHABLE_CODE = YES;
				CLANG_WARN__DUPLICATE_METHOD_MATCH = YES;
				COPY_PHASE_STRIP = NO;
				DEBUG_INFORMATION_FORMAT = "dwarf-with-dsym";
				ENABLE_NS_ASSERTIONS = NO;
				ENABLE_STRICT_OBJC_MSGSEND = YES;
				GCC_C_LANGUAGE_STANDARD = gnu11;
				GCC_NO_COMMON_BLOCKS = YES;
				GCC_WARN_64_TO_32_BIT_CONVERSION = YES;
				GCC_WARN_ABOUT_RETURN_TYPE = YES_ERROR;
				GCC_WARN_UNDECLARED_SELECTOR = YES;
				GCC_WARN_UNINITIALIZED_AUTOS = YES_AGGRESSIVE;
				GCC_WARN_UNUSED_FUNCTION = YES;
				GCC_WARN_UNUSED_VARIABLE = YES;
				MTL_ENABLE_DEBUG_INFO = NO;
				MTL_FAST_MATH = YES;
				SWIFT_COMPILATION_MODE = wholemodule;
				SWIFT_OPTIMIZATION_LEVEL = "-O";
			};
			name = Release;
		};
		1AB6420928251CAC008C4941 /* Debug */ = {
			isa = XCBuildConfiguration;
			buildSettings = {
				ASSETCATALOG_COMPILER_APPICON_NAME = AppIcon;
				ASSETCATALOG_COMPILER_GLOBAL_ACCENT_COLOR_NAME = AccentColor;
				CODE_SIGN_STYLE = Automatic;
				CURRENT_PROJECT_VERSION = 1;
				ENABLE_PREVIEWS = YES;
				GENERATE_INFOPLIST_FILE = YES;
				INFOPLIST_KEY_UIApplicationSceneManifest_Generation = YES;
				INFOPLIST_KEY_UIApplicationSupportsIndirectInputEvents = YES;
				INFOPLIST_KEY_UILaunchScreen_Generation = YES;
				INFOPLIST_KEY_UISupportedInterfaceOrientations_iPad = "UIInterfaceOrientationPortrait UIInterfaceOrientationPortraitUpsideDown UIInterfaceOrientationLandscapeLeft UIInterfaceOrientationLandscapeRight";
				INFOPLIST_KEY_UISupportedInterfaceOrientations_iPhone = "UIInterfaceOrientationPortrait UIInterfaceOrientationLandscapeLeft UIInterfaceOrientationLandscapeRight";
				IPHONEOS_DEPLOYMENT_TARGET = 15.4;
				LD_RUNPATH_SEARCH_PATHS = (
					"$(inherited)",
					"@executable_path/Frameworks",
				);
				MARKETING_VERSION = 1.0;
				PRODUCT_BUNDLE_IDENTIFIER = ch.heigvd.SwiftClient;
				PRODUCT_NAME = SwiftClient;
				SDKROOT = iphoneos;
				SWIFT_EMIT_LOC_STRINGS = YES;
				SWIFT_VERSION = 5.0;
				TARGETED_DEVICE_FAMILY = "1,2";
			};
			name = Debug;
		};
		1AB6420A28251CAC008C4941 /* Release */ = {
			isa = XCBuildConfiguration;
			buildSettings = {
				ASSETCATALOG_COMPILER_APPICON_NAME = AppIcon;
				ASSETCATALOG_COMPILER_GLOBAL_ACCENT_COLOR_NAME = AccentColor;
				CODE_SIGN_STYLE = Automatic;
				CURRENT_PROJECT_VERSION = 1;
				ENABLE_PREVIEWS = YES;
				GENERATE_INFOPLIST_FILE = YES;
				INFOPLIST_KEY_UIApplicationSceneManifest_Generation = YES;
				INFOPLIST_KEY_UIApplicationSupportsIndirectInputEvents = YES;
				INFOPLIST_KEY_UILaunchScreen_Generation = YES;
				INFOPLIST_KEY_UISupportedInterfaceOrientations_iPad = "UIInterfaceOrientationPortrait UIInterfaceOrientationPortraitUpsideDown UIInterfaceOrientationLandscapeLeft UIInterfaceOrientationLandscapeRight";
				INFOPLIST_KEY_UISupportedInterfaceOrientations_iPhone = "UIInterfaceOrientationPortrait UIInterfaceOrientationLandscapeLeft UIInterfaceOrientationLandscapeRight";
				IPHONEOS_DEPLOYMENT_TARGET = 15.4;
				LD_RUNPATH_SEARCH_PATHS = (
					"$(inherited)",
					"@executable_path/Frameworks",
				);
				MARKETING_VERSION = 1.0;
				PRODUCT_BUNDLE_IDENTIFIER = ch.heigvd.SwiftClient;
				PRODUCT_NAME = SwiftClient;
				SDKROOT = iphoneos;
				SWIFT_EMIT_LOC_STRINGS = YES;
				SWIFT_VERSION = 5.0;
				TARGETED_DEVICE_FAMILY = "1,2";
				VALIDATE_PRODUCT = YES;
			};
			name = Release;
		};
		1AB6420C28251CAC008C4941 /* Debug */ = {
			isa = XCBuildConfiguration;
			buildSettings = {
				ASSETCATALOG_COMPILER_APPICON_NAME = AppIcon;
				ASSETCATALOG_COMPILER_GLOBAL_ACCENT_COLOR_NAME = AccentColor;
				CODE_SIGN_ENTITLEMENTS = macOS/macOS.entitlements;
				CODE_SIGN_STYLE = Automatic;
				COMBINE_HIDPI_IMAGES = YES;
				CURRENT_PROJECT_VERSION = 1;
				ENABLE_PREVIEWS = YES;
				GENERATE_INFOPLIST_FILE = YES;
				INFOPLIST_KEY_NSHumanReadableCopyright = "";
				LD_RUNPATH_SEARCH_PATHS = (
					"$(inherited)",
					"@executable_path/../Frameworks",
				);
				MACOSX_DEPLOYMENT_TARGET = 12.3;
				MARKETING_VERSION = 1.0;
				PRODUCT_BUNDLE_IDENTIFIER = ch.heigvd.SwiftHelloWorld;
				PRODUCT_NAME = "swift-client";
				SDKROOT = macosx;
				SWIFT_EMIT_LOC_STRINGS = YES;
				SWIFT_VERSION = 5.0;
			};
			name = Debug;
		};
		1AB6420D28251CAC008C4941 /* Release */ = {
			isa = XCBuildConfiguration;
			buildSettings = {
				ASSETCATALOG_COMPILER_APPICON_NAME = AppIcon;
				ASSETCATALOG_COMPILER_GLOBAL_ACCENT_COLOR_NAME = AccentColor;
				CODE_SIGN_ENTITLEMENTS = macOS/macOS.entitlements;
				CODE_SIGN_STYLE = Automatic;
				COMBINE_HIDPI_IMAGES = YES;
				CURRENT_PROJECT_VERSION = 1;
				ENABLE_PREVIEWS = YES;
				GENERATE_INFOPLIST_FILE = YES;
				INFOPLIST_KEY_NSHumanReadableCopyright = "";
				LD_RUNPATH_SEARCH_PATHS = (
					"$(inherited)",
					"@executable_path/../Frameworks",
				);
				MACOSX_DEPLOYMENT_TARGET = 12.3;
				MARKETING_VERSION = 1.0;
				PRODUCT_BUNDLE_IDENTIFIER = ch.heigvd.SwiftHelloWorld;
				PRODUCT_NAME = "swift-client";
				SDKROOT = macosx;
				SWIFT_EMIT_LOC_STRINGS = YES;
				SWIFT_VERSION = 5.0;
			};
			name = Release;
		};
		1AB6420F28251CAC008C4941 /* Debug */ = {
			isa = XCBuildConfiguration;
			buildSettings = {
				ALWAYS_EMBED_SWIFT_STANDARD_LIBRARIES = YES;
				CODE_SIGN_STYLE = Automatic;
				CURRENT_PROJECT_VERSION = 1;
				GENERATE_INFOPLIST_FILE = YES;
				IPHONEOS_DEPLOYMENT_TARGET = 15.4;
				MARKETING_VERSION = 1.0;
				PRODUCT_BUNDLE_IDENTIFIER = "ch.heigvd.Tests-iOS";
				PRODUCT_NAME = "$(TARGET_NAME)";
				SDKROOT = iphoneos;
				SWIFT_EMIT_LOC_STRINGS = NO;
				SWIFT_VERSION = 5.0;
				TARGETED_DEVICE_FAMILY = "1,2";
				TEST_TARGET_NAME = "SwiftHelloWorld (iOS)";
			};
			name = Debug;
		};
		1AB6421028251CAC008C4941 /* Release */ = {
			isa = XCBuildConfiguration;
			buildSettings = {
				ALWAYS_EMBED_SWIFT_STANDARD_LIBRARIES = YES;
				CODE_SIGN_STYLE = Automatic;
				CURRENT_PROJECT_VERSION = 1;
				GENERATE_INFOPLIST_FILE = YES;
				IPHONEOS_DEPLOYMENT_TARGET = 15.4;
				MARKETING_VERSION = 1.0;
				PRODUCT_BUNDLE_IDENTIFIER = "ch.heigvd.Tests-iOS";
				PRODUCT_NAME = "$(TARGET_NAME)";
				SDKROOT = iphoneos;
				SWIFT_EMIT_LOC_STRINGS = NO;
				SWIFT_VERSION = 5.0;
				TARGETED_DEVICE_FAMILY = "1,2";
				TEST_TARGET_NAME = "SwiftHelloWorld (iOS)";
				VALIDATE_PRODUCT = YES;
			};
			name = Release;
		};
		1AB6421228251CAC008C4941 /* Debug */ = {
			isa = XCBuildConfiguration;
			buildSettings = {
				ALWAYS_EMBED_SWIFT_STANDARD_LIBRARIES = YES;
				CODE_SIGN_STYLE = Automatic;
				CURRENT_PROJECT_VERSION = 1;
				GENERATE_INFOPLIST_FILE = YES;
				MACOSX_DEPLOYMENT_TARGET = 12.3;
				MARKETING_VERSION = 1.0;
				PRODUCT_BUNDLE_IDENTIFIER = "ch.heigvd.Tests-macOS";
				PRODUCT_NAME = "$(TARGET_NAME)";
				SDKROOT = macosx;
				SWIFT_EMIT_LOC_STRINGS = NO;
				SWIFT_VERSION = 5.0;
				TEST_TARGET_NAME = "SwiftHelloWorld (macOS)";
			};
			name = Debug;
		};
		1AB6421328251CAC008C4941 /* Release */ = {
			isa = XCBuildConfiguration;
			buildSettings = {
				ALWAYS_EMBED_SWIFT_STANDARD_LIBRARIES = YES;
				CODE_SIGN_STYLE = Automatic;
				CURRENT_PROJECT_VERSION = 1;
				GENERATE_INFOPLIST_FILE = YES;
				MACOSX_DEPLOYMENT_TARGET = 12.3;
				MARKETING_VERSION = 1.0;
				PRODUCT_BUNDLE_IDENTIFIER = "ch.heigvd.Tests-macOS";
				PRODUCT_NAME = "$(TARGET_NAME)";
				SDKROOT = macosx;
				SWIFT_EMIT_LOC_STRINGS = NO;
				SWIFT_VERSION = 5.0;
				TEST_TARGET_NAME = "SwiftHelloWorld (macOS)";
			};
			name = Release;
		};
/* End XCBuildConfiguration section */

/* Begin XCConfigurationList section */
		1AB641D628251CA9008C4941 /* Build configuration list for PBXProject "swift-app" */ = {
			isa = XCConfigurationList;
			buildConfigurations = (
				1AB6420628251CAC008C4941 /* Debug */,
				1AB6420728251CAC008C4941 /* Release */,
			);
			defaultConfigurationIsVisible = 0;
			defaultConfigurationName = Release;
		};
		1AB6420828251CAC008C4941 /* Build configuration list for PBXNativeTarget "swift-app(iOS)" */ = {
			isa = XCConfigurationList;
			buildConfigurations = (
				1AB6420928251CAC008C4941 /* Debug */,
				1AB6420A28251CAC008C4941 /* Release */,
			);
			defaultConfigurationIsVisible = 0;
			defaultConfigurationName = Release;
		};
		1AB6420B28251CAC008C4941 /* Build configuration list for PBXNativeTarget "swift-app (macOS)" */ = {
			isa = XCConfigurationList;
			buildConfigurations = (
				1AB6420C28251CAC008C4941 /* Debug */,
				1AB6420D28251CAC008C4941 /* Release */,
			);
			defaultConfigurationIsVisible = 0;
			defaultConfigurationName = Release;
		};
		1AB6420E28251CAC008C4941 /* Build configuration list for PBXNativeTarget "Tests iOS" */ = {
			isa = XCConfigurationList;
			buildConfigurations = (
				1AB6420F28251CAC008C4941 /* Debug */,
				1AB6421028251CAC008C4941 /* Release */,
			);
			defaultConfigurationIsVisible = 0;
			defaultConfigurationName = Release;
		};
		1AB6421128251CAC008C4941 /* Build configuration list for PBXNativeTarget "Tests macOS" */ = {
			isa = XCConfigurationList;
			buildConfigurations = (
				1AB6421228251CAC008C4941 /* Debug */,
				1AB6421328251CAC008C4941 /* Release */,
			);
			defaultConfigurationIsVisible = 0;
			defaultConfigurationName = Release;
		};
/* End XCConfigurationList section */
	};
	rootObject = 1AB641D328251CA9008C4941 /* Project object */;
}
